{
  "version": "3",
  "remote": {
    "https://deno.land/std@0.224.0/assert/_constants.ts": "a271e8ef5a573f1df8e822a6eb9d09df064ad66a4390f21b3e31f820a38e0975",
    "https://deno.land/std@0.224.0/assert/assert.ts": "09d30564c09de846855b7b071e62b5974b001bb72a4b797958fe0660e7849834",
    "https://deno.land/std@0.224.0/assert/assert_almost_equals.ts": "9e416114322012c9a21fa68e187637ce2d7df25bcbdbfd957cd639e65d3cf293",
    "https://deno.land/std@0.224.0/assert/assert_array_includes.ts": "14c5094471bc8e4a7895fc6aa5a184300d8a1879606574cb1cd715ef36a4a3c7",
    "https://deno.land/std@0.224.0/assert/assert_equals.ts": "3bbca947d85b9d374a108687b1a8ba3785a7850436b5a8930d81f34a32cb8c74",
    "https://deno.land/std@0.224.0/assert/assert_exists.ts": "43420cf7f956748ae6ed1230646567b3593cb7a36c5a5327269279c870c5ddfd",
    "https://deno.land/std@0.224.0/assert/assert_false.ts": "3e9be8e33275db00d952e9acb0cd29481a44fa0a4af6d37239ff58d79e8edeff",
    "https://deno.land/std@0.224.0/assert/assert_greater.ts": "5e57b201fd51b64ced36c828e3dfd773412c1a6120c1a5a99066c9b261974e46",
    "https://deno.land/std@0.224.0/assert/assert_greater_or_equal.ts": "9870030f997a08361b6f63400273c2fb1856f5db86c0c3852aab2a002e425c5b",
    "https://deno.land/std@0.224.0/assert/assert_instance_of.ts": "e22343c1fdcacfaea8f37784ad782683ec1cf599ae9b1b618954e9c22f376f2c",
    "https://deno.land/std@0.224.0/assert/assert_is_error.ts": "f856b3bc978a7aa6a601f3fec6603491ab6255118afa6baa84b04426dd3cc491",
    "https://deno.land/std@0.224.0/assert/assert_less.ts": "60b61e13a1982865a72726a5fa86c24fad7eb27c3c08b13883fb68882b307f68",
    "https://deno.land/std@0.224.0/assert/assert_less_or_equal.ts": "d2c84e17faba4afe085e6c9123a63395accf4f9e00150db899c46e67420e0ec3",
    "https://deno.land/std@0.224.0/assert/assert_match.ts": "ace1710dd3b2811c391946954234b5da910c5665aed817943d086d4d4871a8b7",
    "https://deno.land/std@0.224.0/assert/assert_not_equals.ts": "78d45dd46133d76ce624b2c6c09392f6110f0df9b73f911d20208a68dee2ef29",
    "https://deno.land/std@0.224.0/assert/assert_not_instance_of.ts": "3434a669b4d20cdcc5359779301a0588f941ffdc2ad68803c31eabdb4890cf7a",
    "https://deno.land/std@0.224.0/assert/assert_not_match.ts": "df30417240aa2d35b1ea44df7e541991348a063d9ee823430e0b58079a72242a",
    "https://deno.land/std@0.224.0/assert/assert_not_strict_equals.ts": "37f73880bd672709373d6dc2c5f148691119bed161f3020fff3548a0496f71b8",
    "https://deno.land/std@0.224.0/assert/assert_object_match.ts": "411450fd194fdaabc0089ae68f916b545a49d7b7e6d0026e84a54c9e7eed2693",
    "https://deno.land/std@0.224.0/assert/assert_rejects.ts": "4bee1d6d565a5b623146a14668da8f9eb1f026a4f338bbf92b37e43e0aa53c31",
    "https://deno.land/std@0.224.0/assert/assert_strict_equals.ts": "b4f45f0fd2e54d9029171876bd0b42dd9ed0efd8f853ab92a3f50127acfa54f5",
    "https://deno.land/std@0.224.0/assert/assert_string_includes.ts": "496b9ecad84deab72c8718735373feb6cdaa071eb91a98206f6f3cb4285e71b8",
    "https://deno.land/std@0.224.0/assert/assert_throws.ts": "c6508b2879d465898dab2798009299867e67c570d7d34c90a2d235e4553906eb",
    "https://deno.land/std@0.224.0/assert/assertion_error.ts": "ba8752bd27ebc51f723702fac2f54d3e94447598f54264a6653d6413738a8917",
    "https://deno.land/std@0.224.0/assert/equal.ts": "bddf07bb5fc718e10bb72d5dc2c36c1ce5a8bdd3b647069b6319e07af181ac47",
    "https://deno.land/std@0.224.0/assert/fail.ts": "0eba674ffb47dff083f02ced76d5130460bff1a9a68c6514ebe0cdea4abadb68",
    "https://deno.land/std@0.224.0/assert/mod.ts": "48b8cb8a619ea0b7958ad7ee9376500fe902284bb36f0e32c598c3dc34cbd6f3",
    "https://deno.land/std@0.224.0/assert/unimplemented.ts": "8c55a5793e9147b4f1ef68cd66496b7d5ba7a9e7ca30c6da070c1a58da723d73",
    "https://deno.land/std@0.224.0/assert/unreachable.ts": "5ae3dbf63ef988615b93eb08d395dda771c96546565f9e521ed86f6510c29e19",
    "https://deno.land/std@0.224.0/fmt/colors.ts": "508563c0659dd7198ba4bbf87e97f654af3c34eb56ba790260f252ad8012e1c5",
    "https://deno.land/std@0.224.0/internal/diff.ts": "6234a4b493ebe65dc67a18a0eb97ef683626a1166a1906232ce186ae9f65f4e6",
    "https://deno.land/std@0.224.0/internal/format.ts": "0a98ee226fd3d43450245b1844b47003419d34d210fa989900861c79820d21c2",
    "https://deno.land/std@0.224.0/internal/mod.ts": "534125398c8e7426183e12dc255bb635d94e06d0f93c60a297723abe69d3b22e",
    "https://raw.githubusercontent.com/i-xi-dev/buffer-utils.es/6.2.5/deps.ts": "cd954e84c56f213cef6ed71b90ba2f95e7b97ea08fe223cb3aa0d1dfc8162fe3",
    "https://raw.githubusercontent.com/i-xi-dev/buffer-utils.es/6.2.5/mod.ts": "e1a228c03ec808a50b4a217481ef66b663955a031492feca56714a346036c5a5",
    "https://raw.githubusercontent.com/i-xi-dev/buffer-utils.es/6.2.5/src/array_buffer_view_constructor.ts": "742ca7b895dc30038b71e0adf092c84d09256408605339a941a5eafe6f615118",
    "https://raw.githubusercontent.com/i-xi-dev/buffer-utils.es/6.2.5/src/byte_order.ts": "1a525f5faaa442422a2a1aecd804131e95bed7b49e349d41172aa5a6bb14e3aa",
    "https://raw.githubusercontent.com/i-xi-dev/buffer-utils.es/6.2.5/src/growable_buffer.ts": "5781c159a298d1230e056defad059c8b9a8af0741bf3f97907f6a6f55a90aef0",
    "https://raw.githubusercontent.com/i-xi-dev/buffer-utils.es/6.2.5/src/main.ts": "cf697660080189377b9330439db429d83a3d8c7a48f2cb237d8fd42300e9b1a4",
    "https://raw.githubusercontent.com/i-xi-dev/compat.es/1.2.20/deps.ts": "7427087c207fbe0d6027189b5603fe31ea104cf192247e24316aaa9bb8a3486a",
    "https://raw.githubusercontent.com/i-xi-dev/compat.es/1.2.20/mod.ts": "6e0c1394790a67d710394fc820bdf77deb4c2e2dd6a0d538c61e09e2dede0936",
    "https://raw.githubusercontent.com/i-xi-dev/compat.es/1.2.20/src/blob.ts": "d70727f2fc94dbec33f43ec2413c8a66be0fab4154ac948ce1f51c199efbfc2f",
    "https://raw.githubusercontent.com/i-xi-dev/compat.es/1.2.20/src/crypto.ts": "62ede9ee0c5cffc08bf3729a7574489b536cdd33b7cddb88bb5fae2a0cd048f6",
    "https://raw.githubusercontent.com/i-xi-dev/compat.es/1.2.20/src/file.ts": "29be7fc9d5146714c464cfa81956ac7c11d7cf0d2abb3782675d4e1a4b347615",
    "https://raw.githubusercontent.com/i-xi-dev/compat.es/1.2.20/src/progress_event.ts": "bf54480e8de61add762926ff77f371580af8f5d2ef5f6bb565e2bafcd34d0cfc",
    "https://raw.githubusercontent.com/i-xi-dev/compat.es/1.2.20/src/readable_stream.ts": "174e42da063f0e00e560e05b5cd6af294dd25095e922efefe986357d2c5039e9",
    "https://raw.githubusercontent.com/i-xi-dev/compat.es/1.2.20/src/transform_stream.ts": "00e172c395357de6115ad385e1407ce0299cb2dcba77d2a2ecf89e0de2a8e695",
    "https://raw.githubusercontent.com/i-xi-dev/compat.es/1.2.20/src/writable_stream.ts": "6d3b526e8df6e2618cbbd3ac05adbc64641bdad268e3f05aff1b8335a85ab481",
    "https://raw.githubusercontent.com/i-xi-dev/number-format.es/1.0.4/deps.ts": "166fd9f4b05b1cb11d337a9d7f1744bf0374081bee17fbbfaa7789ee76f5f782",
    "https://raw.githubusercontent.com/i-xi-dev/number-format.es/1.0.4/mod.ts": "b92b2e442b3e306e6d68ab7ba1bd33dc57e8d8d2909ebe4b0a27c47c89820ee5",
    "https://raw.githubusercontent.com/i-xi-dev/number-format.es/1.0.4/src/safe_integer_format.ts": "0e5c245698b6ec4adf2bf8a7572cf074b4f61afa09539cb28e899be55bb7d78d",
    "https://raw.githubusercontent.com/i-xi-dev/number.es/8.1.0/mod.ts": "9d121b86fc36eb20ee7a7008d8caf1fedcfcc61f39b3e2264e636ca234fe6188",
    "https://raw.githubusercontent.com/i-xi-dev/number.es/8.1.0/src/_utils.ts": "a2733e44ed12fb92d9a121cd14656e5fc29d77359e7c066ddfd427a91998e35f",
    "https://raw.githubusercontent.com/i-xi-dev/number.es/8.1.0/src/bigint.ts": "8f5e1601cafb6e867c354e1dfaa1b5b8e42f3c9c070a387728176633d7f528eb",
    "https://raw.githubusercontent.com/i-xi-dev/number.es/8.1.0/src/bigint_range.ts": "b14db6241c90419f47425e2d579ca7fadae4f67d1bb89f88edd4d3d60e75f8a9",
    "https://raw.githubusercontent.com/i-xi-dev/number.es/8.1.0/src/number.ts": "9c8ef92244a31efb4e5f137e151392ad8878821b4d22ee09de8d610a2ebb7753",
    "https://raw.githubusercontent.com/i-xi-dev/number.es/8.1.0/src/number_range.ts": "30de5dbaf141a5f647d046bd1e2dd8449ed2e43b05cbb4c4a9e4e18f2a2e8098",
    "https://raw.githubusercontent.com/i-xi-dev/number.es/8.1.0/src/radix.ts": "9e0f2281aefa4050f87d1559cf870326df1711fbc43e5c68ffa58af4bf79e0d8",
    "https://raw.githubusercontent.com/i-xi-dev/number.es/8.1.0/src/rounding_mode.ts": "f5e90afbbdf9e85b2d5d5b076f416ad6014cd3f7ff5d5f59927e2fe548a0926e",
    "https://raw.githubusercontent.com/i-xi-dev/number.es/8.1.0/src/safe_integer.ts": "e608bf1169444f239145b09fefd26dcb8e22494edd5162f78ef9ad87d3e21470",
    "https://raw.githubusercontent.com/i-xi-dev/number.es/8.1.0/src/uint16.ts": "52098e62aff7214f3dca0619a7497a711cc809d2138867a589ebd7a372d57fdd",
    "https://raw.githubusercontent.com/i-xi-dev/number.es/8.1.0/src/uint24.ts": "5623e1b4ba5b5473a1e9ec764932be2be4ac1e96314315ac6127a3750ac6fe82",
    "https://raw.githubusercontent.com/i-xi-dev/number.es/8.1.0/src/uint32.ts": "2eb2da539cc67e8299338a025476d0b9e5ed593ceefb240a2b13aaa3a9e75510",
    "https://raw.githubusercontent.com/i-xi-dev/number.es/8.1.0/src/uint6.ts": "bdf0dbfb14cd818a55284f2616a6cf2e7966fcaf67c04c12df6d50555dcaa1f8",
    "https://raw.githubusercontent.com/i-xi-dev/number.es/8.1.0/src/uint64.ts": "f2a48cc3819a8bcc81becca1b7be3fdd3e574531086f9d89a64c63ec592540ec",
    "https://raw.githubusercontent.com/i-xi-dev/number.es/8.1.0/src/uint7.ts": "fda5ae758d7f29800043053311db57bd6b2de8ebef8a2c7c4f7639203cc0e5c3",
    "https://raw.githubusercontent.com/i-xi-dev/number.es/8.1.0/src/uint8.ts": "1e04d08f3a27f46a48dab647f59a6018b39bd5ddaf7e623d81f77cbd1ad78709",
    "https://raw.githubusercontent.com/i-xi-dev/object.es/1.0.2/mod.ts": "9e00572fc46a5e3b6ff6f1b115f8d0cbfcb90ba8b193a4233a922eed597d65cf",
    "https://raw.githubusercontent.com/i-xi-dev/object.es/1.0.2/src/object.ts": "d9f163ce4f8f04538a446a89f4d083467c547ec5da6df12fa608c9237ea40663",
    "https://raw.githubusercontent.com/i-xi-dev/string.es/7.0.1/deps.ts": "6890cd7c06c04f27c7c6385254efa13993618df581e8a6dcd6013d7cdffb50a4",
    "https://raw.githubusercontent.com/i-xi-dev/string.es/7.0.1/mod.ts": "e0ae36fc97ab3ab127a9400041a66b763eea733dcc9ea92203827c47a7ba25d1",
    "https://raw.githubusercontent.com/i-xi-dev/string.es/7.0.1/src/isomorphic.ts": "bb3a5dfb91480ce4b60a74a12395b65d71dd63ce7271973e2d542a7598580219",
    "https://raw.githubusercontent.com/i-xi-dev/string.es/7.0.1/src/string.ts": "97ed54934f9535c8996940bf30d3d8ccc4f5f2ff362ab8144c584c0afbaa3cdf",
    "https://raw.githubusercontent.com/i-xi-dev/text-encoding.es/6.3.9/deps.ts": "00b236593e709f9dcd78b5ff13146a80b68d9f977b3aec8618f745a0b84f8640",
    "https://raw.githubusercontent.com/i-xi-dev/text-encoding.es/6.3.9/mod.ts": "cc6977e69300e513c7256d93e2f548a098543b33fa3957f74e45a43403485e04",
    "https://raw.githubusercontent.com/i-xi-dev/text-encoding.es/6.3.9/src/main.ts": "02bddd638973a5b88428fcc99ee8a15dd5ab24b56c75d00efad549e0130a8e7c",
    "https://raw.githubusercontent.com/i-xi-dev/text-encoding.es/6.3.9/src/us_ascii.ts": "be7379122c577c65bbcf760cb3fd8e96fca1aa09d86fa5d0243d0946e0d64d7f",
    "https://raw.githubusercontent.com/i-xi-dev/unicode.es/1.0.1/deps.ts": "5807523b501a6d587252fc50a1684ba238a71d4d7b0c69e093ebbaf7b64db7fe",
    "https://raw.githubusercontent.com/i-xi-dev/unicode.es/1.0.1/mod.ts": "4972f586ef42ab525a95892f0b8294fb030c8d5e5b7a773fd559223a6986f133",
    "https://raw.githubusercontent.com/i-xi-dev/unicode.es/1.0.1/src/block.ts": "08839a87821f75dc3dbd081c01d89768da242fa063bf7f618a4dfcc7913bf23f",
    "https://raw.githubusercontent.com/i-xi-dev/unicode.es/1.0.1/src/code_point.ts": "b1fb3743b6174ef1579f95af5ec878bfed6bedcb1a4a88bbc2023b167507346c",
    "https://raw.githubusercontent.com/i-xi-dev/unicode.es/1.0.1/src/code_point_range.ts": "430d72aca9fe280fd73a647e133c3c3191e21f62587dd8389b0e974a044a1f40",
    "https://raw.githubusercontent.com/i-xi-dev/unicode.es/1.0.1/src/general_category.ts": "ed37611e5b64b9e4c9e84f9675900b2bd1a0ad629fbd90f5e512558580c55f0c",
    "https://raw.githubusercontent.com/i-xi-dev/unicode.es/1.0.1/src/grapheme_cluster.ts": "232ba72f7d3623987460caadce59e4c84d5b755d6d437e16c570656c4095b831",
    "https://raw.githubusercontent.com/i-xi-dev/unicode.es/1.0.1/src/plane.ts": "956848a9c339013644d76ebec9dbffcda3321c6fa1268d41d560e9f29cb94fbf",
    "https://raw.githubusercontent.com/i-xi-dev/unicode.es/1.0.1/src/rune.ts": "7dbf31669367103701100ce48dd9ab8a7708f9bea99de57ae322a5437ddb27cb",
    "https://raw.githubusercontent.com/i-xi-dev/unicode.es/1.0.1/src/rune_sequence.ts": "fed4973b439515463d356779a5cee33a4ed079770c4e3f847f94a6ee467b27a2",
    "https://raw.githubusercontent.com/i-xi-dev/unicode.es/1.0.1/src/rune_string.ts": "aec463d4914d68004cc52f2feaf929c1347c594745bffb7fcf612cb8e77c0907"
  }
}
